
Microsoft Visual Studio Solution File, Format Version 12.00
# Visual Studio Version 16
VisualStudioVersion = 16.0.32106.194
MinimumVisualStudioVersion = 10.0.40219.1
Project("{FAE04EC0-301F-11D3-BF4B-00C04F79EFBC}") = "SudokuSolver", "SudokuSolver.csproj", "{B57F6153-C92B-44A4-A855-F5BE3F4774DE}"
EndProject
Project("{FAE04EC0-301F-11D3-BF4B-00C04F79EFBC}") = "SudokuSolverTests", "SudokuSolverTests\SudokuSolverTests.csproj", "{55A2234E-9D82-4121-8D91-07FB8AA7B93C}"
EndProject
Global
	GlobalSection(SolutionConfigurationPlatforms) = preSolution
		Debug|Any CPU = Debug|Any CPU
		Release|Any CPU = Release|Any CPU
	EndGlobalSection
	GlobalSection(ProjectConfigurationPlatforms) = postSolution
		{B57F6153-C92B-44A4-A855-F5BE3F4774DE}.Debug|Any CPU.ActiveCfg = Debug|Any CPU
		{B57F6153-C92B-44A4-A855-F5BE3F4774DE}.Debug|Any CPU.Build.0 = Debug|Any CPU
		{B57F6153-C92B-44A4-A855-F5BE3F4774DE}.Release|Any CPU.ActiveCfg = Release|Any CPU
		{B57F6153-C92B-44A4-A855-F5BE3F4774DE}.Release|Any CPU.Build.0 = Release|Any CPU
		{55A2234E-9D82-4121-8D91-07FB8AA7B93C}.Debug|Any CPU.ActiveCfg = Debug|Any CPU
		{55A2234E-9D82-4121-8D91-07FB8AA7B93C}.Debug|Any CPU.Build.0 = Debug|Any CPU
		{55A2234E-9D82-4121-8D91-07FB8AA7B93C}.Release|Any CPU.ActiveCfg = Release|Any CPU
		{55A2234E-9D82-4121-8D91-07FB8AA7B93C}.Release|Any CPU.Build.0 = Release|Any CPU
	EndGlobalSection
	GlobalSection(SolutionProperties) = preSolution
		HideSolutionNode = FALSE
	EndGlobalSection
	GlobalSection(ExtensibilityGlobals) = postSolution
		SolutionGuid = {648C2DE4-A94C-4F4D-BE62-BE92BC03382A}
	EndGlobalSection
EndGlobal
